
Microsoft Visual Studio Solution File, Format Version 12.00
# Visual Studio Version 17
VisualStudioVersion = 17.13.35806.99 d17.13
MinimumVisualStudioVersion = 10.0.40219.1
Project("{FAE04EC0-301F-11D3-BF4B-00C04F79EFBC}") = "ViadexDashboard", "ViadexDashboard\ViadexDashboard.csproj", "{F86ED06C-4477-41C9-BFBD-2D453E602EB1}"
EndProject
Global
	GlobalSection(SolutionConfigurationPlatforms) = preSolution
		Debug|Any CPU = Debug|Any CPU
		Release|Any CPU = Release|Any CPU
	EndGlobalSection
	GlobalSection(ProjectConfigurationPlatforms) = postSolution
		{F86ED06C-4477-41C9-BFBD-2D453E602EB1}.Debug|Any CPU.ActiveCfg = Debug|Any CPU
		{F86ED06C-4477-41C9-BFBD-2D453E602EB1}.Debug|Any CPU.Build.0 = Debug|Any CPU
		{F86ED06C-4477-41C9-BFBD-2D453E602EB1}.Release|Any CPU.ActiveCfg = Release|Any CPU
		{F86ED06C-4477-41C9-BFBD-2D453E602EB1}.Release|Any CPU.Build.0 = Release|Any CPU
	EndGlobalSection
	GlobalSection(SolutionProperties) = preSolution
		HideSolutionNode = FALSE
	EndGlobalSection
	GlobalSection(ExtensibilityGlobals) = postSolution
		SolutionGuid = {BC1A4CA4-DD0A-4E10-8CCF-C782A9EF76AD}
	EndGlobalSection
EndGlobal
